
Microsoft Visual Studio Solution File, Format Version 12.00
# Visual Studio 2012
Project("{8BC9CEB8-8B4A-11D0-8D11-00A0C91BC942}") = "XAGUI", "XAGUI\XAGUI.vcxproj", "{839AEAFC-E1D0-47B8-9302-DCF342E021E6}"
EndProject
Project("{8BC9CEB8-8B4A-11D0-8D11-00A0C91BC942}") = "Test", "Test\Test.vcxproj", "{A89FA4FD-503A-4F20-B558-A09910C12C8A}"
	ProjectSection(ProjectDependencies) = postProject
		{839AEAFC-E1D0-47B8-9302-DCF342E021E6} = {839AEAFC-E1D0-47B8-9302-DCF342E021E6}
	EndProjectSection
EndProject
Global
	GlobalSection(SolutionConfigurationPlatforms) = preSolution
		Debug|Win32 = Debug|Win32
		Release|Win32 = Release|Win32
	EndGlobalSection
	GlobalSection(ProjectConfigurationPlatforms) = postSolution
		{839AEAFC-E1D0-47B8-9302-DCF342E021E6}.Debug|Win32.ActiveCfg = Debug|Win32
		{839AEAFC-E1D0-47B8-9302-DCF342E021E6}.Debug|Win32.Build.0 = Debug|Win32
		{839AEAFC-E1D0-47B8-9302-DCF342E021E6}.Release|Win32.ActiveCfg = Release|Win32
		{839AEAFC-E1D0-47B8-9302-DCF342E021E6}.Release|Win32.Build.0 = Release|Win32
		{A89FA4FD-503A-4F20-B558-A09910C12C8A}.Debug|Win32.ActiveCfg = Debug|Win32
		{A89FA4FD-503A-4F20-B558-A09910C12C8A}.Debug|Win32.Build.0 = Debug|Win32
		{A89FA4FD-503A-4F20-B558-A09910C12C8A}.Release|Win32.ActiveCfg = Release|Win32
		{A89FA4FD-503A-4F20-B558-A09910C12C8A}.Release|Win32.Build.0 = Release|Win32
	EndGlobalSection
	GlobalSection(SolutionProperties) = preSolution
		HideSolutionNode = FALSE
	EndGlobalSection
EndGlobal
