<?xml version="1.0" encoding="utf-8"?>
<Project ToolsVersion="4.0" xmlns="http://schemas.microsoft.com/developer/msbuild/2003">
  <ItemGroup>
    <Filter Include="Font">
      <UniqueIdentifier>{c665aae5-c1f2-465d-8242-09357d1fc2e8}</UniqueIdentifier>
    </Filter>
    <Filter Include="Controls">
      <UniqueIdentifier>{29266278-026c-4382-afee-d3e4ed3c4cc1}</UniqueIdentifier>
    </Filter>
    <Filter Include="Controls\Button">
      <UniqueIdentifier>{9d1f7efb-6f8e-4012-b1c2-7331782f3da2}</UniqueIdentifier>
    </Filter>
    <Filter Include="Controls\CheckBox">
      <UniqueIdentifier>{af73d801-2a49-4218-8c26-60b24e1e4a0f}</UniqueIdentifier>
    </Filter>
    <Filter Include="Controls\Label">
      <UniqueIdentifier>{03253680-3e80-4ae3-8be8-2fab20033396}</UniqueIdentifier>
    </Filter>
    <Filter Include="Controls\Form">
      <UniqueIdentifier>{70616070-5563-48c7-9bdf-2cf9d686f9b0}</UniqueIdentifier>
    </Filter>
    <Filter Include="Controls\Control">
      <UniqueIdentifier>{ac343ce7-9f6c-41bf-a4e4-83df3f012b5a}</UniqueIdentifier>
    </Filter>
    <Filter Include="Controls\Slider">
      <UniqueIdentifier>{5a695fa1-cabf-4949-a35c-bd5b9c5b2ff2}</UniqueIdentifier>
    </Filter>
    <Filter Include="Renderer">
      <UniqueIdentifier>{16ff68d5-c58c-4ae6-bf61-e2f6653e7b68}</UniqueIdentifier>
    </Filter>
    <Filter Include="Controls\ProggressBar">
      <UniqueIdentifier>{2acd9802-074b-403b-8976-dbf2e6220f9b}</UniqueIdentifier>
    </Filter>
    <Filter Include="TinyXML2">
      <UniqueIdentifier>{424c9f77-68de-4bb0-a5ee-c859d69bee59}</UniqueIdentifier>
    </Filter>
    <Filter Include="Controls\TextBox">
      <UniqueIdentifier>{5e94b139-0172-40cb-b3d1-09469f737eb6}</UniqueIdentifier>
    </Filter>
    <Filter Include="Controls\Window">
      <UniqueIdentifier>{55643598-98d7-492f-991d-bd69fc26dd1e}</UniqueIdentifier>
    </Filter>
    <Filter Include="Texture">
      <UniqueIdentifier>{a726c5e0-a5a8-4b75-9e1e-99c02e6bb2c7}</UniqueIdentifier>
    </Filter>
    <Filter Include="StaticText">
      <UniqueIdentifier>{08c64f9b-1183-4ac8-8b06-c65754012226}</UniqueIdentifier>
    </Filter>
    <Filter Include="Controls\AnalogStick">
      <UniqueIdentifier>{ac1936fa-d32c-4791-ae99-6ec200553ff5}</UniqueIdentifier>
    </Filter>
    <Filter Include="Controls\PasswordTextBox">
      <UniqueIdentifier>{c03d6722-dc4b-4f74-9d9a-556c95352f76}</UniqueIdentifier>
    </Filter>
    <Filter Include="Controls\MultilineTextBox">
      <UniqueIdentifier>{f7132c33-7b2b-4cc4-8302-91b8e29215d7}</UniqueIdentifier>
    </Filter>
    <Filter Include="Controls\RadioButton">
      <UniqueIdentifier>{8df4890c-e65e-4c27-97d8-b89d02dcaddb}</UniqueIdentifier>
    </Filter>
    <Filter Include="Controls\PictureBox">
      <UniqueIdentifier>{fe2c8421-534d-4619-861a-1ad7c9ff2299}</UniqueIdentifier>
    </Filter>
  </ItemGroup>
  <ItemGroup>
    <ClCompile Include="..\src\XAGUI.cpp" />
    <ClCompile Include="..\src\AnalogStick.cpp">
      <Filter>Controls\AnalogStick</Filter>
    </ClCompile>
    <ClCompile Include="..\src\Button.cpp">
      <Filter>Controls\Button</Filter>
    </ClCompile>
    <ClCompile Include="..\src\CheckBox.cpp">
      <Filter>Controls\CheckBox</Filter>
    </ClCompile>
    <ClCompile Include="..\src\Control.cpp">
      <Filter>Controls\Control</Filter>
    </ClCompile>
    <ClCompile Include="..\src\Font.cpp">
      <Filter>Font</Filter>
    </ClCompile>
    <ClCompile Include="..\src\Form.cpp">
      <Filter>Controls\Form</Filter>
    </ClCompile>
    <ClCompile Include="..\src\Label.cpp">
      <Filter>Controls\Label</Filter>
    </ClCompile>
    <ClCompile Include="..\src\MultilineTextBox.cpp">
      <Filter>Controls\MultilineTextBox</Filter>
    </ClCompile>
    <ClCompile Include="..\src\PasswordTextBox.cpp">
      <Filter>Controls\PasswordTextBox</Filter>
    </ClCompile>
    <ClCompile Include="..\src\PictureBox.cpp">
      <Filter>Controls\PictureBox</Filter>
    </ClCompile>
    <ClCompile Include="..\src\ProggressBar.cpp">
      <Filter>Controls\ProggressBar</Filter>
    </ClCompile>
    <ClCompile Include="..\src\RadioButton.cpp">
      <Filter>Controls\RadioButton</Filter>
    </ClCompile>
    <ClCompile Include="..\src\Renderer.cpp">
      <Filter>Renderer</Filter>
    </ClCompile>
    <ClCompile Include="..\src\Slider.cpp">
      <Filter>Controls\Slider</Filter>
    </ClCompile>
    <ClCompile Include="..\src\StaticText.cpp">
      <Filter>StaticText</Filter>
    </ClCompile>
    <ClCompile Include="..\src\TextBox.cpp">
      <Filter>Controls\TextBox</Filter>
    </ClCompile>
    <ClCompile Include="..\src\Texture.cpp">
      <Filter>Controls\TextBox</Filter>
    </ClCompile>
    <ClCompile Include="..\src\XML\tinyxml2.cpp">
      <Filter>TinyXML2</Filter>
    </ClCompile>
    <ClCompile Include="..\src\Window.cpp">
      <Filter>Controls\Window</Filter>
    </ClCompile>
  </ItemGroup>
  <ItemGroup>
    <ClInclude Include="..\include\XAGUI.h" />
    <ClInclude Include="..\include\AnalogStick.h">
      <Filter>Controls\AnalogStick</Filter>
    </ClInclude>
    <ClInclude Include="..\include\Button.h">
      <Filter>Controls\Button</Filter>
    </ClInclude>
    <ClInclude Include="..\include\CheckBox.h">
      <Filter>Controls\CheckBox</Filter>
    </ClInclude>
    <ClInclude Include="..\include\Control.h">
      <Filter>Controls\Control</Filter>
    </ClInclude>
    <ClInclude Include="..\include\Font.h">
      <Filter>Font</Filter>
    </ClInclude>
    <ClInclude Include="..\include\Form.h">
      <Filter>Controls\Form</Filter>
    </ClInclude>
    <ClInclude Include="..\include\Label.h">
      <Filter>Controls\Label</Filter>
    </ClInclude>
    <ClInclude Include="..\include\MultilineTextBox.h">
      <Filter>Controls\MultilineTextBox</Filter>
    </ClInclude>
    <ClInclude Include="..\include\PasswordTextBox.h">
      <Filter>Controls\PasswordTextBox</Filter>
    </ClInclude>
    <ClInclude Include="..\include\PictureBox.h">
      <Filter>Controls\PictureBox</Filter>
    </ClInclude>
    <ClInclude Include="..\include\ProggressBar.h">
      <Filter>Controls\ProggressBar</Filter>
    </ClInclude>
    <ClInclude Include="..\include\RadioButton.h">
      <Filter>Controls\RadioButton</Filter>
    </ClInclude>
    <ClInclude Include="..\include\Renderer.h">
      <Filter>Renderer</Filter>
    </ClInclude>
    <ClInclude Include="..\include\Slider.h">
      <Filter>Controls\Slider</Filter>
    </ClInclude>
    <ClInclude Include="..\include\StaticText.h">
      <Filter>StaticText</Filter>
    </ClInclude>
    <ClInclude Include="..\include\Texture.h">
      <Filter>Texture</Filter>
    </ClInclude>
    <ClInclude Include="..\include\TextBox.h">
      <Filter>Texture</Filter>
    </ClInclude>
    <ClInclude Include="..\include\XML\tinyxml2.h">
      <Filter>TinyXML2</Filter>
    </ClInclude>
    <ClInclude Include="..\include\Window.h">
      <Filter>Controls\Window</Filter>
    </ClInclude>
  </ItemGroup>
</Project>