<?xml version="1.0" encoding="utf-8"?>
<Project ToolsVersion="4.0" xmlns="http://schemas.microsoft.com/developer/msbuild/2003">
  <ItemGroup>
    <ClCompile Include="Main.cpp" />
    <ClCompile Include="RendererSDL.cpp">
      <Filter>Renderer</Filter>
    </ClCompile>
    <ClCompile Include="FontSDL.cpp">
      <Filter>Font</Filter>
    </ClCompile>
    <ClCompile Include="StaticTextSDL.cpp">
      <Filter>StaticText</Filter>
    </ClCompile>
    <ClCompile Include="TextureSDL.cpp">
      <Filter>Texture</Filter>
    </ClCompile>
  </ItemGroup>
  <ItemGroup>
    <Filter Include="Renderer">
      <UniqueIdentifier>{59631a03-72d6-40b3-adcc-95a1ef7a3f97}</UniqueIdentifier>
    </Filter>
    <Filter Include="Font">
      <UniqueIdentifier>{d08fa77e-55d9-40bc-b171-059c2dbbd3d1}</UniqueIdentifier>
    </Filter>
    <Filter Include="StaticText">
      <UniqueIdentifier>{60c3818c-b34e-4861-888d-0f0dcee49445}</UniqueIdentifier>
    </Filter>
    <Filter Include="Texture">
      <UniqueIdentifier>{39a89a61-8571-40c1-adba-6c58f0037012}</UniqueIdentifier>
    </Filter>
  </ItemGroup>
  <ItemGroup>
    <ClInclude Include="Main.h" />
    <ClInclude Include="RendererSDL.h">
      <Filter>Renderer</Filter>
    </ClInclude>
    <ClInclude Include="FontSDL.h">
      <Filter>Font</Filter>
    </ClInclude>
    <ClInclude Include="StaticTextSDL.h">
      <Filter>StaticText</Filter>
    </ClInclude>
    <ClInclude Include="TextureSDL.h">
      <Filter>Texture</Filter>
    </ClInclude>
  </ItemGroup>
</Project>